
Microsoft Visual Studio Solution File, Format Version 12.00
# Visual Studio Version 16
VisualStudioVersion = 16.0.29326.143
MinimumVisualStudioVersion = 15.0.26124.0
Project("{9A19103F-16F7-4668-BE54-9A1E7A4F7556}") = "Rebus.Consumer", "Rebus.Consumer\Rebus.Consumer.csproj", "{13992ECE-6BA7-485D-B94E-F5E082251D0C}"
EndProject
Project("{9A19103F-16F7-4668-BE54-9A1E7A4F7556}") = "Rebus.Producer", "Rebus.Producer\Rebus.Producer.csproj", "{23919445-6816-431A-B644-2B41C71BD90D}"
EndProject
Project("{FAE04EC0-301F-11D3-BF4B-00C04F79EFBC}") = "Rebus.Contract", "Rebus.Contract\Rebus.Contract.csproj", "{435F2283-21CC-406A-9A3C-72DFCDD732DD}"
EndProject
Project("{FAE04EC0-301F-11D3-BF4B-00C04F79EFBC}") = "ServiceBus.Producer", "ServiceBus.Producer\ServiceBus.Producer.csproj", "{2383A73D-6EAB-4D75-B0BB-5856707899B1}"
EndProject
Project("{2150E333-8FDC-42A3-9474-1A3956D46DE8}") = "Solution Items", "Solution Items", "{D86FFF62-3109-43D9-A38D-A476DA8A7A45}"
	ProjectSection(SolutionItems) = preProject
		Readme.md = Readme.md
	EndProjectSection
EndProject
Global
	GlobalSection(SolutionConfigurationPlatforms) = preSolution
		Debug|Any CPU = Debug|Any CPU
		Debug|x64 = Debug|x64
		Debug|x86 = Debug|x86
		Release|Any CPU = Release|Any CPU
		Release|x64 = Release|x64
		Release|x86 = Release|x86
	EndGlobalSection
	GlobalSection(ProjectConfigurationPlatforms) = postSolution
		{13992ECE-6BA7-485D-B94E-F5E082251D0C}.Debug|Any CPU.ActiveCfg = Debug|Any CPU
		{13992ECE-6BA7-485D-B94E-F5E082251D0C}.Debug|Any CPU.Build.0 = Debug|Any CPU
		{13992ECE-6BA7-485D-B94E-F5E082251D0C}.Debug|x64.ActiveCfg = Debug|Any CPU
		{13992ECE-6BA7-485D-B94E-F5E082251D0C}.Debug|x64.Build.0 = Debug|Any CPU
		{13992ECE-6BA7-485D-B94E-F5E082251D0C}.Debug|x86.ActiveCfg = Debug|Any CPU
		{13992ECE-6BA7-485D-B94E-F5E082251D0C}.Debug|x86.Build.0 = Debug|Any CPU
		{13992ECE-6BA7-485D-B94E-F5E082251D0C}.Release|Any CPU.ActiveCfg = Release|Any CPU
		{13992ECE-6BA7-485D-B94E-F5E082251D0C}.Release|Any CPU.Build.0 = Release|Any CPU
		{13992ECE-6BA7-485D-B94E-F5E082251D0C}.Release|x64.ActiveCfg = Release|Any CPU
		{13992ECE-6BA7-485D-B94E-F5E082251D0C}.Release|x64.Build.0 = Release|Any CPU
		{13992ECE-6BA7-485D-B94E-F5E082251D0C}.Release|x86.ActiveCfg = Release|Any CPU
		{13992ECE-6BA7-485D-B94E-F5E082251D0C}.Release|x86.Build.0 = Release|Any CPU
		{23919445-6816-431A-B644-2B41C71BD90D}.Debug|Any CPU.ActiveCfg = Debug|Any CPU
		{23919445-6816-431A-B644-2B41C71BD90D}.Debug|Any CPU.Build.0 = Debug|Any CPU
		{23919445-6816-431A-B644-2B41C71BD90D}.Debug|x64.ActiveCfg = Debug|Any CPU
		{23919445-6816-431A-B644-2B41C71BD90D}.Debug|x64.Build.0 = Debug|Any CPU
		{23919445-6816-431A-B644-2B41C71BD90D}.Debug|x86.ActiveCfg = Debug|Any CPU
		{23919445-6816-431A-B644-2B41C71BD90D}.Debug|x86.Build.0 = Debug|Any CPU
		{23919445-6816-431A-B644-2B41C71BD90D}.Release|Any CPU.ActiveCfg = Release|Any CPU
		{23919445-6816-431A-B644-2B41C71BD90D}.Release|Any CPU.Build.0 = Release|Any CPU
		{23919445-6816-431A-B644-2B41C71BD90D}.Release|x64.ActiveCfg = Release|Any CPU
		{23919445-6816-431A-B644-2B41C71BD90D}.Release|x64.Build.0 = Release|Any CPU
		{23919445-6816-431A-B644-2B41C71BD90D}.Release|x86.ActiveCfg = Release|Any CPU
		{23919445-6816-431A-B644-2B41C71BD90D}.Release|x86.Build.0 = Release|Any CPU
		{435F2283-21CC-406A-9A3C-72DFCDD732DD}.Debug|Any CPU.ActiveCfg = Debug|Any CPU
		{435F2283-21CC-406A-9A3C-72DFCDD732DD}.Debug|Any CPU.Build.0 = Debug|Any CPU
		{435F2283-21CC-406A-9A3C-72DFCDD732DD}.Debug|x64.ActiveCfg = Debug|Any CPU
		{435F2283-21CC-406A-9A3C-72DFCDD732DD}.Debug|x64.Build.0 = Debug|Any CPU
		{435F2283-21CC-406A-9A3C-72DFCDD732DD}.Debug|x86.ActiveCfg = Debug|Any CPU
		{435F2283-21CC-406A-9A3C-72DFCDD732DD}.Debug|x86.Build.0 = Debug|Any CPU
		{435F2283-21CC-406A-9A3C-72DFCDD732DD}.Release|Any CPU.ActiveCfg = Release|Any CPU
		{435F2283-21CC-406A-9A3C-72DFCDD732DD}.Release|Any CPU.Build.0 = Release|Any CPU
		{435F2283-21CC-406A-9A3C-72DFCDD732DD}.Release|x64.ActiveCfg = Release|Any CPU
		{435F2283-21CC-406A-9A3C-72DFCDD732DD}.Release|x64.Build.0 = Release|Any CPU
		{435F2283-21CC-406A-9A3C-72DFCDD732DD}.Release|x86.ActiveCfg = Release|Any CPU
		{435F2283-21CC-406A-9A3C-72DFCDD732DD}.Release|x86.Build.0 = Release|Any CPU
		{2383A73D-6EAB-4D75-B0BB-5856707899B1}.Debug|Any CPU.ActiveCfg = Debug|Any CPU
		{2383A73D-6EAB-4D75-B0BB-5856707899B1}.Debug|Any CPU.Build.0 = Debug|Any CPU
		{2383A73D-6EAB-4D75-B0BB-5856707899B1}.Debug|x64.ActiveCfg = Debug|Any CPU
		{2383A73D-6EAB-4D75-B0BB-5856707899B1}.Debug|x64.Build.0 = Debug|Any CPU
		{2383A73D-6EAB-4D75-B0BB-5856707899B1}.Debug|x86.ActiveCfg = Debug|Any CPU
		{2383A73D-6EAB-4D75-B0BB-5856707899B1}.Debug|x86.Build.0 = Debug|Any CPU
		{2383A73D-6EAB-4D75-B0BB-5856707899B1}.Release|Any CPU.ActiveCfg = Release|Any CPU
		{2383A73D-6EAB-4D75-B0BB-5856707899B1}.Release|Any CPU.Build.0 = Release|Any CPU
		{2383A73D-6EAB-4D75-B0BB-5856707899B1}.Release|x64.ActiveCfg = Release|Any CPU
		{2383A73D-6EAB-4D75-B0BB-5856707899B1}.Release|x64.Build.0 = Release|Any CPU
		{2383A73D-6EAB-4D75-B0BB-5856707899B1}.Release|x86.ActiveCfg = Release|Any CPU
		{2383A73D-6EAB-4D75-B0BB-5856707899B1}.Release|x86.Build.0 = Release|Any CPU
	EndGlobalSection
	GlobalSection(SolutionProperties) = preSolution
		HideSolutionNode = FALSE
	EndGlobalSection
	GlobalSection(ExtensibilityGlobals) = postSolution
		SolutionGuid = {1868EE6F-4CC8-4A54-9C85-7C77840FF3BE}
	EndGlobalSection
EndGlobal
